{
  "name": "micra-nft-bot",
  "version": "1.0.0",
  "lockfileVersion": 1,
  "requires": true,
  "dependencies": {
    "algorithmia": {
      "version": "0.3.10",
      "resolved": "https://registry.npmjs.org/algorithmia/-/algorithmia-0.3.10.tgz",
      "integrity": "sha1-9xwgqf9WRmCk0c9zlHmV123jRQw="
    },
    "dotenv": {
      "version": "9.0.2",
      "resolved": "https://registry.npmjs.org/dotenv/-/dotenv-9.0.2.tgz",
      "integrity": "sha512-I9OvvrHp4pIARv4+x9iuewrWycX6CcZtoAu1XrzPxc5UygMJXJZYmBsynku8IkrJwgypE5DGNjDPmPRhDCptUg=="
    },
    "node-fetch": {
      "version": "2.6.1",
      "resolved": "https://registry.npmjs.org/node-fetch/-/node-fetch-2.6.1.tgz",
      "integrity": "sha512-V4aYg89jEoVRxRb2fJdAg8FHvI7cEyYdVAh94HH0UIK8oJxUfkjlDQN9RbMx+bEjP7+ggMiFRprSti032Oipxw=="
    },
    "woeid": {
      "version": "2.0.3",
      "resolved": "https://registry.npmjs.org/woeid/-/woeid-2.0.3.tgz",
      "integrity": "sha512-QtSWL1hA8LPmNcZxpH1qUxJKdBwgN/6ZdHeGrcuJTBXPlVEgxpQtSPDTAl8maISmNtyeXtukznpGBhklw2msvQ=="
    }
  }
}
